{
  "requires": true,
  "lockfileVersion": 1,
  "dependencies": {
    "eslint-plugin-mocha": {
      "version": "5.0.0",
      "resolved": "https://registry.npmjs.org/eslint-plugin-mocha/-/eslint-plugin-mocha-5.0.0.tgz",
      "integrity": "sha512-mpRWWsjxRco2bY4qE5DL8SmGoVF0Onb6DZrbgOjFoNo1YNN299K2voIozd8Kce3qC/neWNr2XF27E1ZDMl1yZg==",
      "requires": {
        "ramda": "0.25.0"
      }
    },
    "ramda": {
      "version": "0.25.0",
      "resolved": "https://registry.npmjs.org/ramda/-/ramda-0.25.0.tgz",
      "integrity": "sha512-GXpfrYVPwx3K7RQ6aYT8KPS8XViSXUVJT1ONhoKPE9VAleW42YE+U+8VEyGWt41EnEQW7gwecYJriTI0pKoecQ=="
    }
  }
}
